<?xml version="1.0" encoding="utf-8"?>
<Project ToolsVersion="4.0" xmlns="http://schemas.microsoft.com/developer/msbuild/2003">
  <ItemGroup>
    <Filter Include="Source Files">
      <UniqueIdentifier>{4FC737F1-C7A5-4376-A066-2A32D752A2FF}</UniqueIdentifier>
      <Extensions>cpp;c;cc;cxx;def;odl;idl;hpj;bat;asm;asmx</Extensions>
    </Filter>
    <Filter Include="Header Files">
      <UniqueIdentifier>{93995380-89BD-4b04-88EB-625FBE52EBFB}</UniqueIdentifier>
      <Extensions>h;hh;hpp;hxx;hm;inl;inc;ipp;xsd</Extensions>
    </Filter>
    <Filter Include="Resource Files">
      <UniqueIdentifier>{67DA6AB6-F800-4c08-8B7A-83BB121AAD01}</UniqueIdentifier>
      <Extensions>rc;ico;cur;bmp;dlg;rc2;rct;bin;rgs;gif;jpg;jpeg;jpe;resx;tiff;tif;png;wav;mfcribbon-ms</Extensions>
    </Filter>
    <Filter Include="Header Files\Components">
      <UniqueIdentifier>{5506f059-b0a2-4d3e-9782-1e171d3be7b0}</UniqueIdentifier>
    </Filter>
    <Filter Include="Header Files\Scenes">
      <UniqueIdentifier>{227b1015-dfa5-4f2c-9026-d62b78351723}</UniqueIdentifier>
    </Filter>
    <Filter Include="Resource Files\Assets">
      <UniqueIdentifier>{87ebdd89-fb17-47cb-b2e5-cfb933f9d8e4}</UniqueIdentifier>
    </Filter>
    <Filter Include="Header Files\Components\UI Components">
      <UniqueIdentifier>{c4faccda-b6f0-4d93-b0d6-bca07984df16}</UniqueIdentifier>
    </Filter>
  </ItemGroup>
  <ItemGroup>
    <None Include="packages.config" />
    <None Include="Assets\map.mmap">
      <Filter>Resource Files\Assets</Filter>
    </None>
  </ItemGroup>
  <ItemGroup>
    <ClCompile Include="Vector2D.cpp">
      <Filter>Source Files</Filter>
    </ClCompile>
    <ClCompile Include="Map.cpp">
      <Filter>Source Files</Filter>
    </ClCompile>
    <ClCompile Include="AssetManager.cpp">
      <Filter>Source Files</Filter>
    </ClCompile>
    <ClCompile Include="Game.cpp">
      <Filter>Source Files</Filter>
    </ClCompile>
    <ClCompile Include="Main.cpp">
      <Filter>Source Files</Filter>
    </ClCompile>
    <ClCompile Include="TextureManager.cpp">
      <Filter>Source Files</Filter>
    </ClCompile>
    <ClCompile Include="ECS.cpp">
      <Filter>Source Files</Filter>
    </ClCompile>
    <ClCompile Include="Utils.cpp">
      <Filter>Source Files</Filter>
    </ClCompile>
  </ItemGroup>
  <ItemGroup>
    <ClInclude Include="CharacterCreateScene.h">
      <Filter>Header Files\Scenes</Filter>
    </ClInclude>
    <ClInclude Include="Vector2D.h">
      <Filter>Header Files</Filter>
    </ClInclude>
    <ClInclude Include="Map.h">
      <Filter>Header Files</Filter>
    </ClInclude>
    <ClInclude Include="Animation.h">
      <Filter>Header Files</Filter>
    </ClInclude>
    <ClInclude Include="AssetManager.h">
      <Filter>Header Files</Filter>
    </ClInclude>
    <ClInclude Include="Game.h">
      <Filter>Header Files</Filter>
    </ClInclude>
    <ClInclude Include="TransformComponent.h">
      <Filter>Header Files\Components</Filter>
    </ClInclude>
    <ClInclude Include="TileComponent.h">
      <Filter>Header Files\Components</Filter>
    </ClInclude>
    <ClInclude Include="SpriteComponent.h">
      <Filter>Header Files\Components</Filter>
    </ClInclude>
    <ClInclude Include="ControllerComponent.h">
      <Filter>Header Files\Components</Filter>
    </ClInclude>
    <ClInclude Include="Components.h">
      <Filter>Header Files\Components</Filter>
    </ClInclude>
    <ClInclude Include="MainMenuScene.h">
      <Filter>Header Files\Scenes</Filter>
    </ClInclude>
    <ClInclude Include="GameSelectScene.h">
      <Filter>Header Files\Scenes</Filter>
    </ClInclude>
    <ClInclude Include="Scenes.h">
      <Filter>Header Files\Scenes</Filter>
    </ClInclude>
    <ClInclude Include="TextureManager.h">
      <Filter>Header Files</Filter>
    </ClInclude>
    <ClInclude Include="ECS.h">
      <Filter>Header Files</Filter>
    </ClInclude>
    <ClInclude Include="Utils.h">
      <Filter>Header Files</Filter>
    </ClInclude>
    <ClInclude Include="UILabel.h">
      <Filter>Header Files\Components\UI Components</Filter>
    </ClInclude>
    <ClInclude Include="UITextbox.h">
      <Filter>Header Files\Components\UI Components</Filter>
    </ClInclude>
    <ClInclude Include="UIButton.h">
      <Filter>Header Files\Components\UI Components</Filter>
    </ClInclude>
  </ItemGroup>
  <ItemGroup>
    <Image Include="Assets\map.png">
      <Filter>Resource Files\Assets</Filter>
    </Image>
    <Image Include="Assets\map_ts.png">
      <Filter>Resource Files\Assets</Filter>
    </Image>
    <Image Include="Assets\regularEyes.png">
      <Filter>Resource Files\Assets</Filter>
    </Image>
    <Image Include="Assets\character.png">
      <Filter>Resource Files\Assets</Filter>
    </Image>
    <Image Include="Assets\droopyEyes.png">
      <Filter>Resource Files\Assets</Filter>
    </Image>
    <Image Include="Assets\eyes.png">
      <Filter>Resource Files\Assets</Filter>
    </Image>
    <Image Include="Assets\skins.png">
      <Filter>Resource Files\Assets</Filter>
    </Image>
    <Image Include="Assets\skin1.png">
      <Filter>Resource Files\Assets</Filter>
    </Image>
    <Image Include="Assets\skin2.png">
      <Filter>Resource Files\Assets</Filter>
    </Image>
    <Image Include="Assets\skin3.png">
      <Filter>Resource Files\Assets</Filter>
    </Image>
    <Image Include="Assets\skin4.png">
      <Filter>Resource Files\Assets</Filter>
    </Image>
    <Image Include="Assets\skin5.png">
      <Filter>Resource Files\Assets</Filter>
    </Image>
    <Image Include="Assets\eyes1.png">
      <Filter>Resource Files\Assets</Filter>
    </Image>
    <Image Include="Assets\eyes2.png">
      <Filter>Resource Files\Assets</Filter>
    </Image>
    <Image Include="Assets\eyes3.png">
      <Filter>Resource Files\Assets</Filter>
    </Image>
    <Image Include="Assets\eyes4.png">
      <Filter>Resource Files\Assets</Filter>
    </Image>
    <Image Include="Assets\eyes5.png">
      <Filter>Resource Files\Assets</Filter>
    </Image>
  </ItemGroup>
  <ItemGroup>
    <Font Include="Assets\VT323-Regular.ttf">
      <Filter>Resource Files\Assets</Filter>
    </Font>
  </ItemGroup>
</Project>